// !$*UTF8*$!
{
	archiveVersion = 1;
	classes = {
	};
	objectVersion = 50;
	objects = {

/* Begin PBXBuildFile section */
		98E63D8F256B56CD0090E2AD /* AppDelegate.swift in Sources */ = {isa = PBXBuildFile; fileRef = 98E63D8E256B56CC0090E2AD /* AppDelegate.swift */; };
		98E63D91256B56CD0090E2AD /* SceneDelegate.swift in Sources */ = {isa = PBXBuildFile; fileRef = 98E63D90256B56CD0090E2AD /* SceneDelegate.swift */; };
		98E63D93256B56CD0090E2AD /* ViewController.swift in Sources */ = {isa = PBXBuildFile; fileRef = 98E63D92256B56CD0090E2AD /* ViewController.swift */; };
		98E63D96256B56CD0090E2AD /* Main.storyboard in Resources */ = {isa = PBXBuildFile; fileRef = 98E63D94256B56CD0090E2AD /* Main.storyboard */; };
		98E63D98256B56D20090E2AD /* Assets.xcassets in Resources */ = {isa = PBXBuildFile; fileRef = 98E63D97256B56D20090E2AD /* Assets.xcassets */; };
		98E63D9B256B56D20090E2AD /* LaunchScreen.storyboard in Resources */ = {isa = PBXBuildFile; fileRef = 98E63D99256B56D20090E2AD /* LaunchScreen.storyboard */; };
		98E63DA6256B56D30090E2AD /* tipTests.swift in Sources */ = {isa = PBXBuildFile; fileRef = 98E63DA5256B56D30090E2AD /* tipTests.swift */; };
		98E63DB1256B56D30090E2AD /* tipUITests.swift in Sources */ = {isa = PBXBuildFile; fileRef = 98E63DB0256B56D30090E2AD /* tipUITests.swift */; };
/* End PBXBuildFile section */

/* Begin PBXContainerItemProxy section */
		98E63DA2256B56D30090E2AD /* PBXContainerItemProxy */ = {
			isa = PBXContainerItemProxy;
			containerPortal = 98E63D83256B56CC0090E2AD /* Project object */;
			proxyType = 1;
			remoteGlobalIDString = 98E63D8A256B56CC0090E2AD;
			remoteInfo = tip;
		};
		98E63DAD256B56D30090E2AD /* PBXContainerItemProxy */ = {
			isa = PBXContainerItemProxy;
			containerPortal = 98E63D83256B56CC0090E2AD /* Project object */;
			proxyType = 1;
			remoteGlobalIDString = 98E63D8A256B56CC0090E2AD;
			remoteInfo = tip;
		};
/* End PBXContainerItemProxy section */

/* Begin PBXFileReference section */
		98E63D8B256B56CC0090E2AD /* tip.app */ = {isa = PBXFileReference; explicitFileType = wrapper.application; includeInIndex = 0; path = tip.app; sourceTree = BUILT_PRODUCTS_DIR; };
		98E63D8E256B56CC0090E2AD /* AppDelegate.swift */ = {isa = PBXFileReference; lastKnownFileType = sourcecode.swift; path = AppDelegate.swift; sourceTree = "<group>"; };
		98E63D90256B56CD0090E2AD /* SceneDelegate.swift */ = {isa = PBXFileReference; lastKnownFileType = sourcecode.swift; path = SceneDelegate.swift; sourceTree = "<group>"; };
		98E63D92256B56CD0090E2AD /* ViewController.swift */ = {isa = PBXFileReference; lastKnownFileType = sourcecode.swift; path = ViewController.swift; sourceTree = "<group>"; };
		98E63D95256B56CD0090E2AD /* Base */ = {isa = PBXFileReference; lastKnownFileType = file.storyboard; name = Base; path = Base.lproj/Main.storyboard; sourceTree = "<group>"; };
		98E63D97256B56D20090E2AD /* Assets.xcassets */ = {isa = PBXFileReference; lastKnownFileType = folder.assetcatalog; path = Assets.xcassets; sourceTree = "<group>"; };
		98E63D9A256B56D20090E2AD /* Base */ = {isa = PBXFileReference; lastKnownFileType = file.storyboard; name = Base; path = Base.lproj/LaunchScreen.storyboard; sourceTree = "<group>"; };
		98E63D9C256B56D20090E2AD /* Info.plist */ = {isa = PBXFileReference; lastKnownFileType = text.plist.xml; path = Info.plist; sourceTree = "<group>"; };
		98E63DA1256B56D30090E2AD /* tipTests.xctest */ = {isa = PBXFileReference; explicitFileType = wrapper.cfbundle; includeInIndex = 0; path = tipTests.xctest; sourceTree = BUILT_PRODUCTS_DIR; };
		98E63DA5256B56D30090E2AD /* tipTests.swift */ = {isa = PBXFileReference; lastKnownFileType = sourcecode.swift; path = tipTests.swift; sourceTree = "<group>"; };
		98E63DA7256B56D30090E2AD /* Info.plist */ = {isa = PBXFileReference; lastKnownFileType = text.plist.xml; path = Info.plist; sourceTree = "<group>"; };
		98E63DAC256B56D30090E2AD /* tipUITests.xctest */ = {isa = PBXFileReference; explicitFileType = wrapper.cfbundle; includeInIndex = 0; path = tipUITests.xctest; sourceTree = BUILT_PRODUCTS_DIR; };
		98E63DB0256B56D30090E2AD /* tipUITests.swift */ = {isa = PBXFileReference; lastKnownFileType = sourcecode.swift; path = tipUITests.swift; sourceTree = "<group>"; };
		98E63DB2256B56D30090E2AD /* Info.plist */ = {isa = PBXFileReference; lastKnownFileType = text.plist.xml; path = Info.plist; sourceTree = "<group>"; };
/* End PBXFileReference section */

/* Begin PBXFrameworksBuildPhase section */
		98E63D88256B56CC0090E2AD /* Frameworks */ = {
			isa = PBXFrameworksBuildPhase;
			buildActionMask = 2147483647;
			files = (
			);
			runOnlyForDeploymentPostprocessing = 0;
		};
		98E63D9E256B56D30090E2AD /* Frameworks */ = {
			isa = PBXFrameworksBuildPhase;
			buildActionMask = 2147483647;
			files = (
			);
			runOnlyForDeploymentPostprocessing = 0;
		};
		98E63DA9256B56D30090E2AD /* Frameworks */ = {
			isa = PBXFrameworksBuildPhase;
			buildActionMask = 2147483647;
			files = (
			);
			runOnlyForDeploymentPostprocessing = 0;
		};
/* End PBXFrameworksBuildPhase section */

/* Begin PBXGroup section */
		98E63D82256B56CC0090E2AD = {
			isa = PBXGroup;
			children = (
				98E63D8D256B56CC0090E2AD /* tip */,
				98E63DA4256B56D30090E2AD /* tipTests */,
				98E63DAF256B56D30090E2AD /* tipUITests */,
				98E63D8C256B56CC0090E2AD /* Products */,
			);
			sourceTree = "<group>";
		};
		98E63D8C256B56CC0090E2AD /* Products */ = {
			isa = PBXGroup;
			children = (
				98E63D8B256B56CC0090E2AD /* tip.app */,
				98E63DA1256B56D30090E2AD /* tipTests.xctest */,
				98E63DAC256B56D30090E2AD /* tipUITests.xctest */,
			);
			name = Products;
			sourceTree = "<group>";
		};
		98E63D8D256B56CC0090E2AD /* tip */ = {
			isa = PBXGroup;
			children = (
				98E63D8E256B56CC0090E2AD /* AppDelegate.swift */,
				98E63D90256B56CD0090E2AD /* SceneDelegate.swift */,
				98E63D92256B56CD0090E2AD /* ViewController.swift */,
				98E63D94256B56CD0090E2AD /* Main.storyboard */,
				98E63D97256B56D20090E2AD /* Assets.xcassets */,
				98E63D99256B56D20090E2AD /* LaunchScreen.storyboard */,
				98E63D9C256B56D20090E2AD /* Info.plist */,
			);
			path = tip;
			sourceTree = "<group>";
		};
		98E63DA4256B56D30090E2AD /* tipTests */ = {
			isa = PBXGroup;
			children = (
				98E63DA5256B56D30090E2AD /* tipTests.swift */,
				98E63DA7256B56D30090E2AD /* Info.plist */,
			);
			path = tipTests;
			sourceTree = "<group>";
		};
		98E63DAF256B56D30090E2AD /* tipUITests */ = {
			isa = PBXGroup;
			children = (
				98E63DB0256B56D30090E2AD /* tipUITests.swift */,
				98E63DB2256B56D30090E2AD /* Info.plist */,
			);
			path = tipUITests;
			sourceTree = "<group>";
		};
/* End PBXGroup section */

/* Begin PBXNativeTarget section */
		98E63D8A256B56CC0090E2AD /* tip */ = {
			isa = PBXNativeTarget;
			buildConfigurationList = 98E63DB5256B56D30090E2AD /* Build configuration list for PBXNativeTarget "tip" */;
			buildPhases = (
				98E63D87256B56CC0090E2AD /* Sources */,
				98E63D88256B56CC0090E2AD /* Frameworks */,
				98E63D89256B56CC0090E2AD /* Resources */,
			);
			buildRules = (
			);
			dependencies = (
			);
			name = tip;
			productName = tip;
			productReference = 98E63D8B256B56CC0090E2AD /* tip.app */;
			productType = "com.apple.product-type.application";
		};
		98E63DA0256B56D30090E2AD /* tipTests */ = {
			isa = PBXNativeTarget;
			buildConfigurationList = 98E63DB8256B56D30090E2AD /* Build configuration list for PBXNativeTarget "tipTests" */;
			buildPhases = (
				98E63D9D256B56D30090E2AD /* Sources */,
				98E63D9E256B56D30090E2AD /* Frameworks */,
				98E63D9F256B56D30090E2AD /* Resources */,
			);
			buildRules = (
			);
			dependencies = (
				98E63DA3256B56D30090E2AD /* PBXTargetDependency */,
			);
			name = tipTests;
			productName = tipTests;
			productReference = 98E63DA1256B56D30090E2AD /* tipTests.xctest */;
			productType = "com.apple.product-type.bundle.unit-test";
		};
		98E63DAB256B56D30090E2AD /* tipUITests */ = {
			isa = PBXNativeTarget;
			buildConfigurationList = 98E63DBB256B56D30090E2AD /* Build configuration list for PBXNativeTarget "tipUITests" */;
			buildPhases = (
				98E63DA8256B56D30090E2AD /* Sources */,
				98E63DA9256B56D30090E2AD /* Frameworks */,
				98E63DAA256B56D30090E2AD /* Resources */,
			);
			buildRules = (
			);
			dependencies = (
				98E63DAE256B56D30090E2AD /* PBXTargetDependency */,
			);
			name = tipUITests;
			productName = tipUITests;
			productReference = 98E63DAC256B56D30090E2AD /* tipUITests.xctest */;
			productType = "com.apple.product-type.bundle.ui-testing";
		};
/* End PBXNativeTarget section */

/* Begin PBXProject section */
		98E63D83256B56CC0090E2AD /* Project object */ = {
			isa = PBXProject;
			attributes = {
				LastSwiftUpdateCheck = 1220;
				LastUpgradeCheck = 1220;
				TargetAttributes = {
					98E63D8A256B56CC0090E2AD = {
						CreatedOnToolsVersion = 12.2;
					};
					98E63DA0256B56D30090E2AD = {
						CreatedOnToolsVersion = 12.2;
						TestTargetID = 98E63D8A256B56CC0090E2AD;
					};
					98E63DAB256B56D30090E2AD = {
						CreatedOnToolsVersion = 12.2;
						TestTargetID = 98E63D8A256B56CC0090E2AD;
					};
				};
			};
			buildConfigurationList = 98E63D86256B56CC0090E2AD /* Build configuration list for PBXProject "tip" */;
			compatibilityVersion = "Xcode 9.3";
			developmentRegion = en;
			hasScannedForEncodings = 0;
			knownRegions = (
				en,
				Base,
			);
			mainGroup = 98E63D82256B56CC0090E2AD;
			productRefGroup = 98E63D8C256B56CC0090E2AD /* Products */;
			projectDirPath = "";
			projectRoot = "";
			targets = (
				98E63D8A256B56CC0090E2AD /* tip */,
				98E63DA0256B56D30090E2AD /* tipTests */,
				98E63DAB256B56D30090E2AD /* tipUITests */,
			);
		};
/* End PBXProject section */

/* Begin PBXResourcesBuildPhase section */
		98E63D89256B56CC0090E2AD /* Resources */ = {
			isa = PBXResourcesBuildPhase;
			buildActionMask = 2147483647;
			files = (
				98E63D9B256B56D20090E2AD /* LaunchScreen.storyboard in Resources */,
				98E63D98256B56D20090E2AD /* Assets.xcassets in Resources */,
				98E63D96256B56CD0090E2AD /* Main.storyboard in Resources */,
			);
			runOnlyForDeploymentPostprocessing = 0;
		};
		98E63D9F256B56D30090E2AD /* Resources */ = {
			isa = PBXResourcesBuildPhase;
			buildActionMask = 2147483647;
			files = (
			);
			runOnlyForDeploymentPostprocessing = 0;
		};
		98E63DAA256B56D30090E2AD /* Resources */ = {
			isa = PBXResourcesBuildPhase;
			buildActionMask = 2147483647;
			files = (
			);
			runOnlyForDeploymentPostprocessing = 0;
		};
/* End PBXResourcesBuildPhase section */

/* Begin PBXSourcesBuildPhase section */
		98E63D87256B56CC0090E2AD /* Sources */ = {
			isa = PBXSourcesBuildPhase;
			buildActionMask = 2147483647;
			files = (
				98E63D93256B56CD0090E2AD /* ViewController.swift in Sources */,
				98E63D8F256B56CD0090E2AD /* AppDelegate.swift in Sources */,
				98E63D91256B56CD0090E2AD /* SceneDelegate.swift in Sources */,
			);
			runOnlyForDeploymentPostprocessing = 0;
		};
		98E63D9D256B56D30090E2AD /* Sources */ = {
			isa = PBXSourcesBuildPhase;
			buildActionMask = 2147483647;
			files = (
				98E63DA6256B56D30090E2AD /* tipTests.swift in Sources */,
			);
			runOnlyForDeploymentPostprocessing = 0;
		};
		98E63DA8256B56D30090E2AD /* Sources */ = {
			isa = PBXSourcesBuildPhase;
			buildActionMask = 2147483647;
			files = (
				98E63DB1256B56D30090E2AD /* tipUITests.swift in Sources */,
			);
			runOnlyForDeploymentPostprocessing = 0;
		};
/* End PBXSourcesBuildPhase section */

/* Begin PBXTargetDependency section */
		98E63DA3256B56D30090E2AD /* PBXTargetDependency */ = {
			isa = PBXTargetDependency;
			target = 98E63D8A256B56CC0090E2AD /* tip */;
			targetProxy = 98E63DA2256B56D30090E2AD /* PBXContainerItemProxy */;
		};
		98E63DAE256B56D30090E2AD /* PBXTargetDependency */ = {
			isa = PBXTargetDependency;
			target = 98E63D8A256B56CC0090E2AD /* tip */;
			targetProxy = 98E63DAD256B56D30090E2AD /* PBXContainerItemProxy */;
		};
/* End PBXTargetDependency section */

/* Begin PBXVariantGroup section */
		98E63D94256B56CD0090E2AD /* Main.storyboard */ = {
			isa = PBXVariantGroup;
			children = (
				98E63D95256B56CD0090E2AD /* Base */,
			);
			name = Main.storyboard;
			sourceTree = "<group>";
		};
		98E63D99256B56D20090E2AD /* LaunchScreen.storyboard */ = {
			isa = PBXVariantGroup;
			children = (
				98E63D9A256B56D20090E2AD /* Base */,
			);
			name = LaunchScreen.storyboard;
			sourceTree = "<group>";
		};
/* End PBXVariantGroup section */

/* Begin XCBuildConfiguration section */
		98E63DB3256B56D30090E2AD /* Debug */ = {
			isa = XCBuildConfiguration;
			buildSettings = {
				ALWAYS_SEARCH_USER_PATHS = NO;
				CLANG_ANALYZER_NONNULL = YES;
				CLANG_ANALYZER_NUMBER_OBJECT_CONVERSION = YES_AGGRESSIVE;
				CLANG_CXX_LANGUAGE_STANDARD = "gnu++14";
				CLANG_CXX_LIBRARY = "libc++";
				CLANG_ENABLE_MODULES = YES;
				CLANG_ENABLE_OBJC_ARC = YES;
				CLANG_ENABLE_OBJC_WEAK = YES;
				CLANG_WARN_BLOCK_CAPTURE_AUTORELEASING = YES;
				CLANG_WARN_BOOL_CONVERSION = YES;
				CLANG_WARN_COMMA = YES;
				CLANG_WARN_CONSTANT_CONVERSION = YES;
				CLANG_WARN_DEPRECATED_OBJC_IMPLEMENTATIONS = YES;
				CLANG_WARN_DIRECT_OBJC_ISA_USAGE = YES_ERROR;
				CLANG_WARN_DOCUMENTATION_COMMENTS = YES;
				CLANG_WARN_EMPTY_BODY = YES;
				CLANG_WARN_ENUM_CONVERSION = YES;
				CLANG_WARN_INFINITE_RECURSION = YES;
				CLANG_WARN_INT_CONVERSION = YES;
				CLANG_WARN_NON_LITERAL_NULL_CONVERSION = YES;
				CLANG_WARN_OBJC_IMPLICIT_RETAIN_SELF = YES;
				CLANG_WARN_OBJC_LITERAL_CONVERSION = YES;
				CLANG_WARN_OBJC_ROOT_CLASS = YES_ERROR;
				CLANG_WARN_QUOTED_INCLUDE_IN_FRAMEWORK_HEADER = YES;
				CLANG_WARN_RANGE_LOOP_ANALYSIS = YES;
				CLANG_WARN_STRICT_PROTOTYPES = YES;
				CLANG_WARN_SUSPICIOUS_MOVE = YES;
				CLANG_WARN_UNGUARDED_AVAILABILITY = YES_AGGRESSIVE;
				CLANG_WARN_UNREACHABLE_CODE = YES;
				CLANG_WARN__DUPLICATE_METHOD_MATCH = YES;
				COPY_PHASE_STRIP = NO;
				DEBUG_INFORMATION_FORMAT = dwarf;
				ENABLE_STRICT_OBJC_MSGSEND = YES;
				ENABLE_TESTABILITY = YES;
				GCC_C_LANGUAGE_STANDARD = gnu11;
				GCC_DYNAMIC_NO_PIC = NO;
				GCC_NO_COMMON_BLOCKS = YES;
				GCC_OPTIMIZATION_LEVEL = 0;
				GCC_PREPROCESSOR_DEFINITIONS = (
					"DEBUG=1",
					"$(inherited)",
				);
				GCC_WARN_64_TO_32_BIT_CONVERSION = YES;
				GCC_WARN_ABOUT_RETURN_TYPE = YES_ERROR;
				GCC_WARN_UNDECLARED_SELECTOR = YES;
				GCC_WARN_UNINITIALIZED_AUTOS = YES_AGGRESSIVE;
				GCC_WARN_UNUSED_FUNCTION = YES;
				GCC_WARN_UNUSED_VARIABLE = YES;
				IPHONEOS_DEPLOYMENT_TARGET = 14.2;
				MTL_ENABLE_DEBUG_INFO = INCLUDE_SOURCE;
				MTL_FAST_MATH = YES;
				ONLY_ACTIVE_ARCH = YES;
				SDKROOT = iphoneos;
				SWIFT_ACTIVE_COMPILATION_CONDITIONS = DEBUG;
				SWIFT_OPTIMIZATION_LEVEL = "-Onone";
			};
			name = Debug;
		};
		98E63DB4256B56D30090E2AD /* Release */ = {
			isa = XCBuildConfiguration;
			buildSettings = {
				ALWAYS_SEARCH_USER_PATHS = NO;
				CLANG_ANALYZER_NONNULL = YES;
				CLANG_ANALYZER_NUMBER_OBJECT_CONVERSION = YES_AGGRESSIVE;
				CLANG_CXX_LANGUAGE_STANDARD = "gnu++14";
				CLANG_CXX_LIBRARY = "libc++";
				CLANG_ENABLE_MODULES = YES;
				CLANG_ENABLE_OBJC_ARC = YES;
				CLANG_ENABLE_OBJC_WEAK = YES;
				CLANG_WARN_BLOCK_CAPTURE_AUTORELEASING = YES;
				CLANG_WARN_BOOL_CONVERSION = YES;
				CLANG_WARN_COMMA = YES;
				CLANG_WARN_CONSTANT_CONVERSION = YES;
				CLANG_WARN_DEPRECATED_OBJC_IMPLEMENTATIONS = YES;
				CLANG_WARN_DIRECT_OBJC_ISA_USAGE = YES_ERROR;
				CLANG_WARN_DOCUMENTATION_COMMENTS = YES;
				CLANG_WARN_EMPTY_BODY = YES;
				CLANG_WARN_ENUM_CONVERSION = YES;
				CLANG_WARN_INFINITE_RECURSION = YES;
				CLANG_WARN_INT_CONVERSION = YES;
				CLANG_WARN_NON_LITERAL_NULL_CONVERSION = YES;
				CLANG_WARN_OBJC_IMPLICIT_RETAIN_SELF = YES;
				CLANG_WARN_OBJC_LITERAL_CONVERSION = YES;
				CLANG_WARN_OBJC_ROOT_CLASS = YES_ERROR;
				CLANG_WARN_QUOTED_INCLUDE_IN_FRAMEWORK_HEADER = YES;
				CLANG_WARN_RANGE_LOOP_ANALYSIS = YES;
				CLANG_WARN_STRICT_PROTOTYPES = YES;
				CLANG_WARN_SUSPICIOUS_MOVE = YES;
				CLANG_WARN_UNGUARDED_AVAILABILITY = YES_AGGRESSIVE;
				CLANG_WARN_UNREACHABLE_CODE = YES;
				CLANG_WARN__DUPLICATE_METHOD_MATCH = YES;
				COPY_PHASE_STRIP = NO;
				DEBUG_INFORMATION_FORMAT = "dwarf-with-dsym";
				ENABLE_NS_ASSERTIONS = NO;
				ENABLE_STRICT_OBJC_MSGSEND = YES;
				GCC_C_LANGUAGE_STANDARD = gnu11;
				GCC_NO_COMMON_BLOCKS = YES;
				GCC_WARN_64_TO_32_BIT_CONVERSION = YES;
				GCC_WARN_ABOUT_RETURN_TYPE = YES_ERROR;
				GCC_WARN_UNDECLARED_SELECTOR = YES;
				GCC_WARN_UNINITIALIZED_AUTOS = YES_AGGRESSIVE;
				GCC_WARN_UNUSED_FUNCTION = YES;
				GCC_WARN_UNUSED_VARIABLE = YES;
				IPHONEOS_DEPLOYMENT_TARGET = 14.2;
				MTL_ENABLE_DEBUG_INFO = NO;
				MTL_FAST_MATH = YES;
				SDKROOT = iphoneos;
				SWIFT_COMPILATION_MODE = wholemodule;
				SWIFT_OPTIMIZATION_LEVEL = "-O";
				VALIDATE_PRODUCT = YES;
			};
			name = Release;
		};
		98E63DB6256B56D30090E2AD /* Debug */ = {
			isa = XCBuildConfiguration;
			buildSettings = {
				ASSETCATALOG_COMPILER_APPICON_NAME = AppIcon;
				ASSETCATALOG_COMPILER_GLOBAL_ACCENT_COLOR_NAME = AccentColor;
				CODE_SIGN_STYLE = Automatic;
				INFOPLIST_FILE = tip/Info.plist;
				LD_RUNPATH_SEARCH_PATHS = (
					"$(inherited)",
					"@executable_path/Frameworks",
				);
				PRODUCT_BUNDLE_IDENTIFIER = Codepath.tip;
				PRODUCT_NAME = "$(TARGET_NAME)";
				SWIFT_VERSION = 5.0;
				TARGETED_DEVICE_FAMILY = "1,2";
			};
			name = Debug;
		};
		98E63DB7256B56D30090E2AD /* Release */ = {
			isa = XCBuildConfiguration;
			buildSettings = {
				ASSETCATALOG_COMPILER_APPICON_NAME = AppIcon;
				ASSETCATALOG_COMPILER_GLOBAL_ACCENT_COLOR_NAME = AccentColor;
				CODE_SIGN_STYLE = Automatic;
				INFOPLIST_FILE = tip/Info.plist;
				LD_RUNPATH_SEARCH_PATHS = (
					"$(inherited)",
					"@executable_path/Frameworks",
				);
				PRODUCT_BUNDLE_IDENTIFIER = Codepath.tip;
				PRODUCT_NAME = "$(TARGET_NAME)";
				SWIFT_VERSION = 5.0;
				TARGETED_DEVICE_FAMILY = "1,2";
			};
			name = Release;
		};
		98E63DB9256B56D30090E2AD /* Debug */ = {
			isa = XCBuildConfiguration;
			buildSettings = {
				ALWAYS_EMBED_SWIFT_STANDARD_LIBRARIES = YES;
				BUNDLE_LOADER = "$(TEST_HOST)";
				CODE_SIGN_STYLE = Automatic;
				INFOPLIST_FILE = tipTests/Info.plist;
				IPHONEOS_DEPLOYMENT_TARGET = 14.2;
				LD_RUNPATH_SEARCH_PATHS = (
					"$(inherited)",
					"@executable_path/Frameworks",
					"@loader_path/Frameworks",
				);
				PRODUCT_BUNDLE_IDENTIFIER = Codepath.tipTests;
				PRODUCT_NAME = "$(TARGET_NAME)";
				SWIFT_VERSION = 5.0;
				TARGETED_DEVICE_FAMILY = "1,2";
				TEST_HOST = "$(BUILT_PRODUCTS_DIR)/tip.app/tip";
			};
			name = Debug;
		};
		98E63DBA256B56D30090E2AD /* Release */ = {
			isa = XCBuildConfiguration;
			buildSettings = {
				ALWAYS_EMBED_SWIFT_STANDARD_LIBRARIES = YES;
				BUNDLE_LOADER = "$(TEST_HOST)";
				CODE_SIGN_STYLE = Automatic;
				INFOPLIST_FILE = tipTests/Info.plist;
				IPHONEOS_DEPLOYMENT_TARGET = 14.2;
				LD_RUNPATH_SEARCH_PATHS = (
					"$(inherited)",
					"@executable_path/Frameworks",
					"@loader_path/Frameworks",
				);
				PRODUCT_BUNDLE_IDENTIFIER = Codepath.tipTests;
				PRODUCT_NAME = "$(TARGET_NAME)";
				SWIFT_VERSION = 5.0;
				TARGETED_DEVICE_FAMILY = "1,2";
				TEST_HOST = "$(BUILT_PRODUCTS_DIR)/tip.app/tip";
			};
			name = Release;
		};
		98E63DBC256B56D30090E2AD /* Debug */ = {
			isa = XCBuildConfiguration;
			buildSettings = {
				ALWAYS_EMBED_SWIFT_STANDARD_LIBRARIES = YES;
				CODE_SIGN_STYLE = Automatic;
				INFOPLIST_FILE = tipUITests/Info.plist;
				LD_RUNPATH_SEARCH_PATHS = (
					"$(inherited)",
					"@executable_path/Frameworks",
					"@loader_path/Frameworks",
				);
				PRODUCT_BUNDLE_IDENTIFIER = Codepath.tipUITests;
				PRODUCT_NAME = "$(TARGET_NAME)";
				SWIFT_VERSION = 5.0;
				TARGETED_DEVICE_FAMILY = "1,2";
				TEST_TARGET_NAME = tip;
			};
			name = Debug;
		};
		98E63DBD256B56D30090E2AD /* Release */ = {
			isa = XCBuildConfiguration;
			buildSettings = {
				ALWAYS_EMBED_SWIFT_STANDARD_LIBRARIES = YES;
				CODE_SIGN_STYLE = Automatic;
				INFOPLIST_FILE = tipUITests/Info.plist;
				LD_RUNPATH_SEARCH_PATHS = (
					"$(inherited)",
					"@executable_path/Frameworks",
					"@loader_path/Frameworks",
				);
				PRODUCT_BUNDLE_IDENTIFIER = Codepath.tipUITests;
				PRODUCT_NAME = "$(TARGET_NAME)";
				SWIFT_VERSION = 5.0;
				TARGETED_DEVICE_FAMILY = "1,2";
				TEST_TARGET_NAME = tip;
			};
			name = Release;
		};
/* End XCBuildConfiguration section */

/* Begin XCConfigurationList section */
		98E63D86256B56CC0090E2AD /* Build configuration list for PBXProject "tip" */ = {
			isa = XCConfigurationList;
			buildConfigurations = (
				98E63DB3256B56D30090E2AD /* Debug */,
				98E63DB4256B56D30090E2AD /* Release */,
			);
			defaultConfigurationIsVisible = 0;
			defaultConfigurationName = Release;
		};
		98E63DB5256B56D30090E2AD /* Build configuration list for PBXNativeTarget "tip" */ = {
			isa = XCConfigurationList;
			buildConfigurations = (
				98E63DB6256B56D30090E2AD /* Debug */,
				98E63DB7256B56D30090E2AD /* Release */,
			);
			defaultConfigurationIsVisible = 0;
			defaultConfigurationName = Release;
		};
		98E63DB8256B56D30090E2AD /* Build configuration list for PBXNativeTarget "tipTests" */ = {
			isa = XCConfigurationList;
			buildConfigurations = (
				98E63DB9256B56D30090E2AD /* Debug */,
				98E63DBA256B56D30090E2AD /* Release */,
			);
			defaultConfigurationIsVisible = 0;
			defaultConfigurationName = Release;
		};
		98E63DBB256B56D30090E2AD /* Build configuration list for PBXNativeTarget "tipUITests" */ = {
			isa = XCConfigurationList;
			buildConfigurations = (
				98E63DBC256B56D30090E2AD /* Debug */,
				98E63DBD256B56D30090E2AD /* Release */,
			);
			defaultConfigurationIsVisible = 0;
			defaultConfigurationName = Release;
		};
/* End XCConfigurationList section */
	};
	rootObject = 98E63D83256B56CC0090E2AD /* Project object */;
}
